
Microsoft Visual Studio Solution File, Format Version 12.00
# Visual Studio 15
Project("{FAE04EC0-301F-11D3-BF4B-00C04F79EFBC}") = "Assembly-CSharp", "Assembly-CSharp.csproj", "{292AF3EC-C055-6F89-D37A-282198AC3715}"
EndProject
Project("{FAE04EC0-301F-11D3-BF4B-00C04F79EFBC}") = "Assembly-CSharp-Editor", "Assembly-CSharp-Editor.csproj", "{329B42A9-CDC4-319A-A168-CD26F0A9BC24}"
EndProject
Global
	GlobalSection(SolutionConfigurationPlatforms) = preSolution
		Debug|Any CPU = Debug|Any CPU
		Release|Any CPU = Release|Any CPU
	EndGlobalSection
	GlobalSection(ProjectConfigurationPlatforms) = postSolution
		{292AF3EC-C055-6F89-D37A-282198AC3715}.Debug|Any CPU.ActiveCfg = Debug|Any CPU
		{292AF3EC-C055-6F89-D37A-282198AC3715}.Debug|Any CPU.Build.0 = Debug|Any CPU
		{292AF3EC-C055-6F89-D37A-282198AC3715}.Release|Any CPU.ActiveCfg = Release|Any CPU
		{292AF3EC-C055-6F89-D37A-282198AC3715}.Release|Any CPU.Build.0 = Release|Any CPU
		{329B42A9-CDC4-319A-A168-CD26F0A9BC24}.Debug|Any CPU.ActiveCfg = Debug|Any CPU
		{329B42A9-CDC4-319A-A168-CD26F0A9BC24}.Debug|Any CPU.Build.0 = Debug|Any CPU
		{329B42A9-CDC4-319A-A168-CD26F0A9BC24}.Release|Any CPU.ActiveCfg = Release|Any CPU
		{329B42A9-CDC4-319A-A168-CD26F0A9BC24}.Release|Any CPU.Build.0 = Release|Any CPU
	EndGlobalSection
	GlobalSection(SolutionProperties) = preSolution
		HideSolutionNode = FALSE
	EndGlobalSection
EndGlobal
