
Microsoft Visual Studio Solution File, Format Version 12.00
# Visual Studio 15
Project("{FAE04EC0-301F-11D3-BF4B-00C04F79EFBC}") = "Assembly-CSharp", "Assembly-CSharp.csproj", "{5F6D8711-127B-A21B-A5F8-BF05172A55A5}"
EndProject
Project("{FAE04EC0-301F-11D3-BF4B-00C04F79EFBC}") = "Assembly-CSharp-Editor", "Assembly-CSharp-Editor.csproj", "{AFC9492F-2F17-783E-8AA9-E2514D007A2B}"
EndProject
Global
	GlobalSection(SolutionConfigurationPlatforms) = preSolution
		Debug|Any CPU = Debug|Any CPU
		Release|Any CPU = Release|Any CPU
	EndGlobalSection
	GlobalSection(ProjectConfigurationPlatforms) = postSolution
		{5F6D8711-127B-A21B-A5F8-BF05172A55A5}.Debug|Any CPU.ActiveCfg = Debug|Any CPU
		{5F6D8711-127B-A21B-A5F8-BF05172A55A5}.Debug|Any CPU.Build.0 = Debug|Any CPU
		{5F6D8711-127B-A21B-A5F8-BF05172A55A5}.Release|Any CPU.ActiveCfg = Release|Any CPU
		{5F6D8711-127B-A21B-A5F8-BF05172A55A5}.Release|Any CPU.Build.0 = Release|Any CPU
		{AFC9492F-2F17-783E-8AA9-E2514D007A2B}.Debug|Any CPU.ActiveCfg = Debug|Any CPU
		{AFC9492F-2F17-783E-8AA9-E2514D007A2B}.Debug|Any CPU.Build.0 = Debug|Any CPU
		{AFC9492F-2F17-783E-8AA9-E2514D007A2B}.Release|Any CPU.ActiveCfg = Release|Any CPU
		{AFC9492F-2F17-783E-8AA9-E2514D007A2B}.Release|Any CPU.Build.0 = Release|Any CPU
	EndGlobalSection
	GlobalSection(SolutionProperties) = preSolution
		HideSolutionNode = FALSE
	EndGlobalSection
EndGlobal
